
Microsoft Visual Studio Solution File, Format Version 12.00
# Visual Studio Version 16
VisualStudioVersion = 16.0.31424.327
MinimumVisualStudioVersion = 10.0.40219.1
Project("{FAE04EC0-301F-11D3-BF4B-00C04F79EFBC}") = "SupplierManagementAPI", "SupplierManagementAPI\SupplierManagementAPI.csproj", "{0772A756-CEB6-48F8-977E-653ED1217A5C}"
EndProject
Project("{FAE04EC0-301F-11D3-BF4B-00C04F79EFBC}") = "SupplierManagementMVC", "SupplierManagementMVC\SupplierManagementMVC.csproj", "{11C352A5-C726-4D84-AB1D-3721F105575F}"
EndProject
Global
	GlobalSection(SolutionConfigurationPlatforms) = preSolution
		Debug|Any CPU = Debug|Any CPU
		Release|Any CPU = Release|Any CPU
	EndGlobalSection
	GlobalSection(ProjectConfigurationPlatforms) = postSolution
		{0772A756-CEB6-48F8-977E-653ED1217A5C}.Debug|Any CPU.ActiveCfg = Debug|Any CPU
		{0772A756-CEB6-48F8-977E-653ED1217A5C}.Debug|Any CPU.Build.0 = Debug|Any CPU
		{0772A756-CEB6-48F8-977E-653ED1217A5C}.Release|Any CPU.ActiveCfg = Release|Any CPU
		{0772A756-CEB6-48F8-977E-653ED1217A5C}.Release|Any CPU.Build.0 = Release|Any CPU
		{11C352A5-C726-4D84-AB1D-3721F105575F}.Debug|Any CPU.ActiveCfg = Debug|Any CPU
		{11C352A5-C726-4D84-AB1D-3721F105575F}.Debug|Any CPU.Build.0 = Debug|Any CPU
		{11C352A5-C726-4D84-AB1D-3721F105575F}.Release|Any CPU.ActiveCfg = Release|Any CPU
		{11C352A5-C726-4D84-AB1D-3721F105575F}.Release|Any CPU.Build.0 = Release|Any CPU
	EndGlobalSection
	GlobalSection(SolutionProperties) = preSolution
		HideSolutionNode = FALSE
	EndGlobalSection
	GlobalSection(ExtensibilityGlobals) = postSolution
		SolutionGuid = {096B524E-28DF-4578-84D0-600D37C27EBD}
	EndGlobalSection
EndGlobal
